// !$*UTF8*$!
{
	archiveVersion = 1;
	classes = {
	};
	objectVersion = 56;
	objects = {

/* Begin PBXBuildFile section */
		17A150BC2C35742900A812AE /* AppDelegate.swift in Sources */ = {isa = PBXBuildFile; fileRef = 17A150BB2C35742900A812AE /* AppDelegate.swift */; };
		17A150C52C35742B00A812AE /* Assets.xcassets in Resources */ = {isa = PBXBuildFile; fileRef = 17A150C42C35742B00A812AE /* Assets.xcassets */; };
		17A150C82C35742B00A812AE /* Base in Resources */ = {isa = PBXBuildFile; fileRef = 17A150C72C35742B00A812AE /* Base */; };
		17A150D32C35742B00A812AE /* AppDemo1Tests.swift in Sources */ = {isa = PBXBuildFile; fileRef = 17A150D22C35742B00A812AE /* AppDemo1Tests.swift */; };
		17A150DD2C35742B00A812AE /* AppDemo1UITests.swift in Sources */ = {isa = PBXBuildFile; fileRef = 17A150DC2C35742B00A812AE /* AppDemo1UITests.swift */; };
		17A150DF2C35742B00A812AE /* AppDemo1UITestsLaunchTests.swift in Sources */ = {isa = PBXBuildFile; fileRef = 17A150DE2C35742B00A812AE /* AppDemo1UITestsLaunchTests.swift */; };
		17A150EC2C357FF800A812AE /* NotesModel.swift in Sources */ = {isa = PBXBuildFile; fileRef = 17A150EB2C357FF800A812AE /* NotesModel.swift */; };
		17E034DD2C367F2C00C9843B /* ViewController.swift in Sources */ = {isa = PBXBuildFile; fileRef = 17E034DC2C367F2C00C9843B /* ViewController.swift */; };
		17F0FDBA2C364FA000D9678A /* NotesCell.swift in Sources */ = {isa = PBXBuildFile; fileRef = 17F0FDB92C364FA000D9678A /* NotesCell.swift */; };
		702EE5E836BC05A9667E1BBC /* Pods_AppDemo1.framework in Frameworks */ = {isa = PBXBuildFile; fileRef = 7D0ABE71ADECB49B044FDC74 /* Pods_AppDemo1.framework */; };
/* End PBXBuildFile section */

/* Begin PBXContainerItemProxy section */
		17A150CF2C35742B00A812AE /* PBXContainerItemProxy */ = {
			isa = PBXContainerItemProxy;
			containerPortal = 17A150B02C35742900A812AE /* Project object */;
			proxyType = 1;
			remoteGlobalIDString = 17A150B72C35742900A812AE;
			remoteInfo = AppDemo1;
		};
		17A150D92C35742B00A812AE /* PBXContainerItemProxy */ = {
			isa = PBXContainerItemProxy;
			containerPortal = 17A150B02C35742900A812AE /* Project object */;
			proxyType = 1;
			remoteGlobalIDString = 17A150B72C35742900A812AE;
			remoteInfo = AppDemo1;
		};
/* End PBXContainerItemProxy section */

/* Begin PBXFileReference section */
		17A150B82C35742900A812AE /* AppDemo1.app */ = {isa = PBXFileReference; explicitFileType = wrapper.application; includeInIndex = 0; path = AppDemo1.app; sourceTree = BUILT_PRODUCTS_DIR; };
		17A150BB2C35742900A812AE /* AppDelegate.swift */ = {isa = PBXFileReference; lastKnownFileType = sourcecode.swift; path = AppDelegate.swift; sourceTree = "<group>"; };
		17A150C42C35742B00A812AE /* Assets.xcassets */ = {isa = PBXFileReference; lastKnownFileType = folder.assetcatalog; path = Assets.xcassets; sourceTree = "<group>"; };
		17A150C72C35742B00A812AE /* Base */ = {isa = PBXFileReference; lastKnownFileType = file.storyboard; name = Base; path = Base.lproj/LaunchScreen.storyboard; sourceTree = "<group>"; };
		17A150C92C35742B00A812AE /* Info.plist */ = {isa = PBXFileReference; lastKnownFileType = text.plist.xml; path = Info.plist; sourceTree = "<group>"; };
		17A150CE2C35742B00A812AE /* AppDemo1Tests.xctest */ = {isa = PBXFileReference; explicitFileType = wrapper.cfbundle; includeInIndex = 0; path = AppDemo1Tests.xctest; sourceTree = BUILT_PRODUCTS_DIR; };
		17A150D22C35742B00A812AE /* AppDemo1Tests.swift */ = {isa = PBXFileReference; lastKnownFileType = sourcecode.swift; path = AppDemo1Tests.swift; sourceTree = "<group>"; };
		17A150D82C35742B00A812AE /* AppDemo1UITests.xctest */ = {isa = PBXFileReference; explicitFileType = wrapper.cfbundle; includeInIndex = 0; path = AppDemo1UITests.xctest; sourceTree = BUILT_PRODUCTS_DIR; };
		17A150DC2C35742B00A812AE /* AppDemo1UITests.swift */ = {isa = PBXFileReference; lastKnownFileType = sourcecode.swift; path = AppDemo1UITests.swift; sourceTree = "<group>"; };
		17A150DE2C35742B00A812AE /* AppDemo1UITestsLaunchTests.swift */ = {isa = PBXFileReference; lastKnownFileType = sourcecode.swift; path = AppDemo1UITestsLaunchTests.swift; sourceTree = "<group>"; };
		17A150EB2C357FF800A812AE /* NotesModel.swift */ = {isa = PBXFileReference; lastKnownFileType = sourcecode.swift; path = NotesModel.swift; sourceTree = "<group>"; };
		17E034DC2C367F2C00C9843B /* ViewController.swift */ = {isa = PBXFileReference; lastKnownFileType = sourcecode.swift; path = ViewController.swift; sourceTree = "<group>"; };
		17F0FDB92C364FA000D9678A /* NotesCell.swift */ = {isa = PBXFileReference; lastKnownFileType = sourcecode.swift; path = NotesCell.swift; sourceTree = "<group>"; };
		46CA34AF84E1418ED24F2896 /* Pods-AppDemo1.debug.xcconfig */ = {isa = PBXFileReference; includeInIndex = 1; lastKnownFileType = text.xcconfig; name = "Pods-AppDemo1.debug.xcconfig"; path = "Target Support Files/Pods-AppDemo1/Pods-AppDemo1.debug.xcconfig"; sourceTree = "<group>"; };
		74A9D15BD710601FEE7C5A58 /* Pods-AppDemo1.release.xcconfig */ = {isa = PBXFileReference; includeInIndex = 1; lastKnownFileType = text.xcconfig; name = "Pods-AppDemo1.release.xcconfig"; path = "Target Support Files/Pods-AppDemo1/Pods-AppDemo1.release.xcconfig"; sourceTree = "<group>"; };
		7D0ABE71ADECB49B044FDC74 /* Pods_AppDemo1.framework */ = {isa = PBXFileReference; explicitFileType = wrapper.framework; includeInIndex = 0; path = Pods_AppDemo1.framework; sourceTree = BUILT_PRODUCTS_DIR; };
/* End PBXFileReference section */

/* Begin PBXFrameworksBuildPhase section */
		17A150B52C35742900A812AE /* Frameworks */ = {
			isa = PBXFrameworksBuildPhase;
			buildActionMask = 2147483647;
			files = (
				702EE5E836BC05A9667E1BBC /* Pods_AppDemo1.framework in Frameworks */,
			);
			runOnlyForDeploymentPostprocessing = 0;
		};
		17A150CB2C35742B00A812AE /* Frameworks */ = {
			isa = PBXFrameworksBuildPhase;
			buildActionMask = 2147483647;
			files = (
			);
			runOnlyForDeploymentPostprocessing = 0;
		};
		17A150D52C35742B00A812AE /* Frameworks */ = {
			isa = PBXFrameworksBuildPhase;
			buildActionMask = 2147483647;
			files = (
			);
			runOnlyForDeploymentPostprocessing = 0;
		};
/* End PBXFrameworksBuildPhase section */

/* Begin PBXGroup section */
		17A150AF2C35742900A812AE = {
			isa = PBXGroup;
			children = (
				17A150BA2C35742900A812AE /* AppDemo1 */,
				17A150D12C35742B00A812AE /* AppDemo1Tests */,
				17A150DB2C35742B00A812AE /* AppDemo1UITests */,
				17A150B92C35742900A812AE /* Products */,
				E92EA7BA96908B3081393237 /* Pods */,
				AC5C0763C639A9D5C5299557 /* Frameworks */,
			);
			sourceTree = "<group>";
		};
		17A150B92C35742900A812AE /* Products */ = {
			isa = PBXGroup;
			children = (
				17A150B82C35742900A812AE /* AppDemo1.app */,
				17A150CE2C35742B00A812AE /* AppDemo1Tests.xctest */,
				17A150D82C35742B00A812AE /* AppDemo1UITests.xctest */,
			);
			name = Products;
			sourceTree = "<group>";
		};
		17A150BA2C35742900A812AE /* AppDemo1 */ = {
			isa = PBXGroup;
			children = (
				17A150BB2C35742900A812AE /* AppDelegate.swift */,
				17E034DC2C367F2C00C9843B /* ViewController.swift */,
				17F0FDB92C364FA000D9678A /* NotesCell.swift */,
				17A150EB2C357FF800A812AE /* NotesModel.swift */,
				17A150C42C35742B00A812AE /* Assets.xcassets */,
				17A150C62C35742B00A812AE /* LaunchScreen.storyboard */,
				17A150C92C35742B00A812AE /* Info.plist */,
			);
			path = AppDemo1;
			sourceTree = "<group>";
		};
		17A150D12C35742B00A812AE /* AppDemo1Tests */ = {
			isa = PBXGroup;
			children = (
				17A150D22C35742B00A812AE /* AppDemo1Tests.swift */,
			);
			path = AppDemo1Tests;
			sourceTree = "<group>";
		};
		17A150DB2C35742B00A812AE /* AppDemo1UITests */ = {
			isa = PBXGroup;
			children = (
				17A150DC2C35742B00A812AE /* AppDemo1UITests.swift */,
				17A150DE2C35742B00A812AE /* AppDemo1UITestsLaunchTests.swift */,
			);
			path = AppDemo1UITests;
			sourceTree = "<group>";
		};
		AC5C0763C639A9D5C5299557 /* Frameworks */ = {
			isa = PBXGroup;
			children = (
				7D0ABE71ADECB49B044FDC74 /* Pods_AppDemo1.framework */,
			);
			name = Frameworks;
			sourceTree = "<group>";
		};
		E92EA7BA96908B3081393237 /* Pods */ = {
			isa = PBXGroup;
			children = (
				46CA34AF84E1418ED24F2896 /* Pods-AppDemo1.debug.xcconfig */,
				74A9D15BD710601FEE7C5A58 /* Pods-AppDemo1.release.xcconfig */,
			);
			path = Pods;
			sourceTree = "<group>";
		};
/* End PBXGroup section */

/* Begin PBXNativeTarget section */
		17A150B72C35742900A812AE /* AppDemo1 */ = {
			isa = PBXNativeTarget;
			buildConfigurationList = 17A150E22C35742B00A812AE /* Build configuration list for PBXNativeTarget "AppDemo1" */;
			buildPhases = (
				69D8A576638F1D8CAF16C695 /* [CP] Check Pods Manifest.lock */,
				17A150B42C35742900A812AE /* Sources */,
				17A150B52C35742900A812AE /* Frameworks */,
				17A150B62C35742900A812AE /* Resources */,
				7EC4F9E9B65B2BDA9E42B5E9 /* [CP] Embed Pods Frameworks */,
			);
			buildRules = (
			);
			dependencies = (
			);
			name = AppDemo1;
			productName = AppDemo1;
			productReference = 17A150B82C35742900A812AE /* AppDemo1.app */;
			productType = "com.apple.product-type.application";
		};
		17A150CD2C35742B00A812AE /* AppDemo1Tests */ = {
			isa = PBXNativeTarget;
			buildConfigurationList = 17A150E52C35742B00A812AE /* Build configuration list for PBXNativeTarget "AppDemo1Tests" */;
			buildPhases = (
				17A150CA2C35742B00A812AE /* Sources */,
				17A150CB2C35742B00A812AE /* Frameworks */,
				17A150CC2C35742B00A812AE /* Resources */,
			);
			buildRules = (
			);
			dependencies = (
				17A150D02C35742B00A812AE /* PBXTargetDependency */,
			);
			name = AppDemo1Tests;
			productName = AppDemo1Tests;
			productReference = 17A150CE2C35742B00A812AE /* AppDemo1Tests.xctest */;
			productType = "com.apple.product-type.bundle.unit-test";
		};
		17A150D72C35742B00A812AE /* AppDemo1UITests */ = {
			isa = PBXNativeTarget;
			buildConfigurationList = 17A150E82C35742B00A812AE /* Build configuration list for PBXNativeTarget "AppDemo1UITests" */;
			buildPhases = (
				17A150D42C35742B00A812AE /* Sources */,
				17A150D52C35742B00A812AE /* Frameworks */,
				17A150D62C35742B00A812AE /* Resources */,
			);
			buildRules = (
			);
			dependencies = (
				17A150DA2C35742B00A812AE /* PBXTargetDependency */,
			);
			name = AppDemo1UITests;
			productName = AppDemo1UITests;
			productReference = 17A150D82C35742B00A812AE /* AppDemo1UITests.xctest */;
			productType = "com.apple.product-type.bundle.ui-testing";
		};
/* End PBXNativeTarget section */

/* Begin PBXProject section */
		17A150B02C35742900A812AE /* Project object */ = {
			isa = PBXProject;
			attributes = {
				BuildIndependentTargetsInParallel = 1;
				LastSwiftUpdateCheck = 1540;
				LastUpgradeCheck = 1540;
				TargetAttributes = {
					17A150B72C35742900A812AE = {
						CreatedOnToolsVersion = 15.4;
					};
					17A150CD2C35742B00A812AE = {
						CreatedOnToolsVersion = 15.4;
						TestTargetID = 17A150B72C35742900A812AE;
					};
					17A150D72C35742B00A812AE = {
						CreatedOnToolsVersion = 15.4;
						TestTargetID = 17A150B72C35742900A812AE;
					};
				};
			};
			buildConfigurationList = 17A150B32C35742900A812AE /* Build configuration list for PBXProject "AppDemo1" */;
			compatibilityVersion = "Xcode 14.0";
			developmentRegion = en;
			hasScannedForEncodings = 0;
			knownRegions = (
				en,
				Base,
			);
			mainGroup = 17A150AF2C35742900A812AE;
			productRefGroup = 17A150B92C35742900A812AE /* Products */;
			projectDirPath = "";
			projectRoot = "";
			targets = (
				17A150B72C35742900A812AE /* AppDemo1 */,
				17A150CD2C35742B00A812AE /* AppDemo1Tests */,
				17A150D72C35742B00A812AE /* AppDemo1UITests */,
			);
		};
/* End PBXProject section */

/* Begin PBXResourcesBuildPhase section */
		17A150B62C35742900A812AE /* Resources */ = {
			isa = PBXResourcesBuildPhase;
			buildActionMask = 2147483647;
			files = (
				17A150C52C35742B00A812AE /* Assets.xcassets in Resources */,
				17A150C82C35742B00A812AE /* Base in Resources */,
			);
			runOnlyForDeploymentPostprocessing = 0;
		};
		17A150CC2C35742B00A812AE /* Resources */ = {
			isa = PBXResourcesBuildPhase;
			buildActionMask = 2147483647;
			files = (
			);
			runOnlyForDeploymentPostprocessing = 0;
		};
		17A150D62C35742B00A812AE /* Resources */ = {
			isa = PBXResourcesBuildPhase;
			buildActionMask = 2147483647;
			files = (
			);
			runOnlyForDeploymentPostprocessing = 0;
		};
/* End PBXResourcesBuildPhase section */

/* Begin PBXShellScriptBuildPhase section */
		69D8A576638F1D8CAF16C695 /* [CP] Check Pods Manifest.lock */ = {
			isa = PBXShellScriptBuildPhase;
			buildActionMask = 2147483647;
			files = (
			);
			inputFileListPaths = (
			);
			inputPaths = (
				"${PODS_PODFILE_DIR_PATH}/Podfile.lock",
				"${PODS_ROOT}/Manifest.lock",
			);
			name = "[CP] Check Pods Manifest.lock";
			outputFileListPaths = (
			);
			outputPaths = (
				"$(DERIVED_FILE_DIR)/Pods-AppDemo1-checkManifestLockResult.txt",
			);
			runOnlyForDeploymentPostprocessing = 0;
			shellPath = /bin/sh;
			shellScript = "diff \"${PODS_PODFILE_DIR_PATH}/Podfile.lock\" \"${PODS_ROOT}/Manifest.lock\" > /dev/null\nif [ $? != 0 ] ; then\n    # print error to STDERR\n    echo \"error: The sandbox is not in sync with the Podfile.lock. Run 'pod install' or update your CocoaPods installation.\" >&2\n    exit 1\nfi\n# This output is used by Xcode 'outputs' to avoid re-running this script phase.\necho \"SUCCESS\" > \"${SCRIPT_OUTPUT_FILE_0}\"\n";
			showEnvVarsInLog = 0;
		};
		7EC4F9E9B65B2BDA9E42B5E9 /* [CP] Embed Pods Frameworks */ = {
			isa = PBXShellScriptBuildPhase;
			buildActionMask = 2147483647;
			files = (
			);
			inputFileListPaths = (
				"${PODS_ROOT}/Target Support Files/Pods-AppDemo1/Pods-AppDemo1-frameworks-${CONFIGURATION}-input-files.xcfilelist",
			);
			name = "[CP] Embed Pods Frameworks";
			outputFileListPaths = (
				"${PODS_ROOT}/Target Support Files/Pods-AppDemo1/Pods-AppDemo1-frameworks-${CONFIGURATION}-output-files.xcfilelist",
			);
			runOnlyForDeploymentPostprocessing = 0;
			shellPath = /bin/sh;
			shellScript = "\"${PODS_ROOT}/Target Support Files/Pods-AppDemo1/Pods-AppDemo1-frameworks.sh\"\n";
			showEnvVarsInLog = 0;
		};
/* End PBXShellScriptBuildPhase section */

/* Begin PBXSourcesBuildPhase section */
		17A150B42C35742900A812AE /* Sources */ = {
			isa = PBXSourcesBuildPhase;
			buildActionMask = 2147483647;
			files = (
				17F0FDBA2C364FA000D9678A /* NotesCell.swift in Sources */,
				17E034DD2C367F2C00C9843B /* ViewController.swift in Sources */,
				17A150EC2C357FF800A812AE /* NotesModel.swift in Sources */,
				17A150BC2C35742900A812AE /* AppDelegate.swift in Sources */,
			);
			runOnlyForDeploymentPostprocessing = 0;
		};
		17A150CA2C35742B00A812AE /* Sources */ = {
			isa = PBXSourcesBuildPhase;
			buildActionMask = 2147483647;
			files = (
				17A150D32C35742B00A812AE /* AppDemo1Tests.swift in Sources */,
			);
			runOnlyForDeploymentPostprocessing = 0;
		};
		17A150D42C35742B00A812AE /* Sources */ = {
			isa = PBXSourcesBuildPhase;
			buildActionMask = 2147483647;
			files = (
				17A150DF2C35742B00A812AE /* AppDemo1UITestsLaunchTests.swift in Sources */,
				17A150DD2C35742B00A812AE /* AppDemo1UITests.swift in Sources */,
			);
			runOnlyForDeploymentPostprocessing = 0;
		};
/* End PBXSourcesBuildPhase section */

/* Begin PBXTargetDependency section */
		17A150D02C35742B00A812AE /* PBXTargetDependency */ = {
			isa = PBXTargetDependency;
			target = 17A150B72C35742900A812AE /* AppDemo1 */;
			targetProxy = 17A150CF2C35742B00A812AE /* PBXContainerItemProxy */;
		};
		17A150DA2C35742B00A812AE /* PBXTargetDependency */ = {
			isa = PBXTargetDependency;
			target = 17A150B72C35742900A812AE /* AppDemo1 */;
			targetProxy = 17A150D92C35742B00A812AE /* PBXContainerItemProxy */;
		};
/* End PBXTargetDependency section */

/* Begin PBXVariantGroup section */
		17A150C62C35742B00A812AE /* LaunchScreen.storyboard */ = {
			isa = PBXVariantGroup;
			children = (
				17A150C72C35742B00A812AE /* Base */,
			);
			name = LaunchScreen.storyboard;
			sourceTree = "<group>";
		};
/* End PBXVariantGroup section */

/* Begin XCBuildConfiguration section */
		17A150E02C35742B00A812AE /* Debug */ = {
			isa = XCBuildConfiguration;
			buildSettings = {
				ALWAYS_SEARCH_USER_PATHS = NO;
				ASSETCATALOG_COMPILER_GENERATE_SWIFT_ASSET_SYMBOL_EXTENSIONS = YES;
				CLANG_ANALYZER_NONNULL = YES;
				CLANG_ANALYZER_NUMBER_OBJECT_CONVERSION = YES_AGGRESSIVE;
				CLANG_CXX_LANGUAGE_STANDARD = "gnu++20";
				CLANG_ENABLE_MODULES = YES;
				CLANG_ENABLE_OBJC_ARC = YES;
				CLANG_ENABLE_OBJC_WEAK = YES;
				CLANG_WARN_BLOCK_CAPTURE_AUTORELEASING = YES;
				CLANG_WARN_BOOL_CONVERSION = YES;
				CLANG_WARN_COMMA = YES;
				CLANG_WARN_CONSTANT_CONVERSION = YES;
				CLANG_WARN_DEPRECATED_OBJC_IMPLEMENTATIONS = YES;
				CLANG_WARN_DIRECT_OBJC_ISA_USAGE = YES_ERROR;
				CLANG_WARN_DOCUMENTATION_COMMENTS = YES;
				CLANG_WARN_EMPTY_BODY = YES;
				CLANG_WARN_ENUM_CONVERSION = YES;
				CLANG_WARN_INFINITE_RECURSION = YES;
				CLANG_WARN_INT_CONVERSION = YES;
				CLANG_WARN_NON_LITERAL_NULL_CONVERSION = YES;
				CLANG_WARN_OBJC_IMPLICIT_RETAIN_SELF = YES;
				CLANG_WARN_OBJC_LITERAL_CONVERSION = YES;
				CLANG_WARN_OBJC_ROOT_CLASS = YES_ERROR;
				CLANG_WARN_QUOTED_INCLUDE_IN_FRAMEWORK_HEADER = YES;
				CLANG_WARN_RANGE_LOOP_ANALYSIS = YES;
				CLANG_WARN_STRICT_PROTOTYPES = YES;
				CLANG_WARN_SUSPICIOUS_MOVE = YES;
				CLANG_WARN_UNGUARDED_AVAILABILITY = YES_AGGRESSIVE;
				CLANG_WARN_UNREACHABLE_CODE = YES;
				CLANG_WARN__DUPLICATE_METHOD_MATCH = YES;
				COPY_PHASE_STRIP = NO;
				DEBUG_INFORMATION_FORMAT = dwarf;
				ENABLE_STRICT_OBJC_MSGSEND = YES;
				ENABLE_TESTABILITY = YES;
				ENABLE_USER_SCRIPT_SANDBOXING = NO;
				GCC_C_LANGUAGE_STANDARD = gnu17;
				GCC_DYNAMIC_NO_PIC = NO;
				GCC_NO_COMMON_BLOCKS = YES;
				GCC_OPTIMIZATION_LEVEL = 0;
				GCC_PREPROCESSOR_DEFINITIONS = (
					"DEBUG=1",
					"$(inherited)",
				);
				GCC_WARN_64_TO_32_BIT_CONVERSION = YES;
				GCC_WARN_ABOUT_RETURN_TYPE = YES_ERROR;
				GCC_WARN_UNDECLARED_SELECTOR = YES;
				GCC_WARN_UNINITIALIZED_AUTOS = YES_AGGRESSIVE;
				GCC_WARN_UNUSED_FUNCTION = YES;
				GCC_WARN_UNUSED_VARIABLE = YES;
				IPHONEOS_DEPLOYMENT_TARGET = 14.0;
				LOCALIZATION_PREFERS_STRING_CATALOGS = YES;
				MTL_ENABLE_DEBUG_INFO = INCLUDE_SOURCE;
				MTL_FAST_MATH = YES;
				ONLY_ACTIVE_ARCH = YES;
				SDKROOT = iphoneos;
				SWIFT_ACTIVE_COMPILATION_CONDITIONS = "DEBUG $(inherited)";
				SWIFT_OPTIMIZATION_LEVEL = "-Onone";
			};
			name = Debug;
		};
		17A150E12C35742B00A812AE /* Release */ = {
			isa = XCBuildConfiguration;
			buildSettings = {
				ALWAYS_SEARCH_USER_PATHS = NO;
				ASSETCATALOG_COMPILER_GENERATE_SWIFT_ASSET_SYMBOL_EXTENSIONS = YES;
				CLANG_ANALYZER_NONNULL = YES;
				CLANG_ANALYZER_NUMBER_OBJECT_CONVERSION = YES_AGGRESSIVE;
				CLANG_CXX_LANGUAGE_STANDARD = "gnu++20";
				CLANG_ENABLE_MODULES = YES;
				CLANG_ENABLE_OBJC_ARC = YES;
				CLANG_ENABLE_OBJC_WEAK = YES;
				CLANG_WARN_BLOCK_CAPTURE_AUTORELEASING = YES;
				CLANG_WARN_BOOL_CONVERSION = YES;
				CLANG_WARN_COMMA = YES;
				CLANG_WARN_CONSTANT_CONVERSION = YES;
				CLANG_WARN_DEPRECATED_OBJC_IMPLEMENTATIONS = YES;
				CLANG_WARN_DIRECT_OBJC_ISA_USAGE = YES_ERROR;
				CLANG_WARN_DOCUMENTATION_COMMENTS = YES;
				CLANG_WARN_EMPTY_BODY = YES;
				CLANG_WARN_ENUM_CONVERSION = YES;
				CLANG_WARN_INFINITE_RECURSION = YES;
				CLANG_WARN_INT_CONVERSION = YES;
				CLANG_WARN_NON_LITERAL_NULL_CONVERSION = YES;
				CLANG_WARN_OBJC_IMPLICIT_RETAIN_SELF = YES;
				CLANG_WARN_OBJC_LITERAL_CONVERSION = YES;
				CLANG_WARN_OBJC_ROOT_CLASS = YES_ERROR;
				CLANG_WARN_QUOTED_INCLUDE_IN_FRAMEWORK_HEADER = YES;
				CLANG_WARN_RANGE_LOOP_ANALYSIS = YES;
				CLANG_WARN_STRICT_PROTOTYPES = YES;
				CLANG_WARN_SUSPICIOUS_MOVE = YES;
				CLANG_WARN_UNGUARDED_AVAILABILITY = YES_AGGRESSIVE;
				CLANG_WARN_UNREACHABLE_CODE = YES;
				CLANG_WARN__DUPLICATE_METHOD_MATCH = YES;
				COPY_PHASE_STRIP = NO;
				DEBUG_INFORMATION_FORMAT = "dwarf-with-dsym";
				ENABLE_NS_ASSERTIONS = NO;
				ENABLE_STRICT_OBJC_MSGSEND = YES;
				ENABLE_USER_SCRIPT_SANDBOXING = NO;
				GCC_C_LANGUAGE_STANDARD = gnu17;
				GCC_NO_COMMON_BLOCKS = YES;
				GCC_WARN_64_TO_32_BIT_CONVERSION = YES;
				GCC_WARN_ABOUT_RETURN_TYPE = YES_ERROR;
				GCC_WARN_UNDECLARED_SELECTOR = YES;
				GCC_WARN_UNINITIALIZED_AUTOS = YES_AGGRESSIVE;
				GCC_WARN_UNUSED_FUNCTION = YES;
				GCC_WARN_UNUSED_VARIABLE = YES;
				IPHONEOS_DEPLOYMENT_TARGET = 14.0;
				LOCALIZATION_PREFERS_STRING_CATALOGS = YES;
				MTL_ENABLE_DEBUG_INFO = NO;
				MTL_FAST_MATH = YES;
				SDKROOT = iphoneos;
				SWIFT_COMPILATION_MODE = wholemodule;
				VALIDATE_PRODUCT = YES;
			};
			name = Release;
		};
		17A150E32C35742B00A812AE /* Debug */ = {
			isa = XCBuildConfiguration;
			baseConfigurationReference = 46CA34AF84E1418ED24F2896 /* Pods-AppDemo1.debug.xcconfig */;
			buildSettings = {
				ASSETCATALOG_COMPILER_APPICON_NAME = AppIcon;
				ASSETCATALOG_COMPILER_GLOBAL_ACCENT_COLOR_NAME = AccentColor;
				CODE_SIGN_STYLE = Automatic;
				CURRENT_PROJECT_VERSION = 1;
				ENABLE_USER_SCRIPT_SANDBOXING = NO;
				GENERATE_INFOPLIST_FILE = YES;
				INFOPLIST_FILE = AppDemo1/Info.plist;
				INFOPLIST_KEY_UIApplicationSupportsIndirectInputEvents = YES;
				INFOPLIST_KEY_UILaunchStoryboardName = LaunchScreen;
				INFOPLIST_KEY_UIStatusBarStyle = "";
				INFOPLIST_KEY_UISupportedInterfaceOrientations_iPad = "UIInterfaceOrientationPortrait UIInterfaceOrientationPortraitUpsideDown UIInterfaceOrientationLandscapeLeft UIInterfaceOrientationLandscapeRight";
				INFOPLIST_KEY_UISupportedInterfaceOrientations_iPhone = "UIInterfaceOrientationPortrait UIInterfaceOrientationLandscapeLeft UIInterfaceOrientationLandscapeRight";
				IPHONEOS_DEPLOYMENT_TARGET = 14.0;
				LD_RUNPATH_SEARCH_PATHS = (
					"$(inherited)",
					"@executable_path/Frameworks",
				);
				MARKETING_VERSION = 1.0;
				PRODUCT_BUNDLE_IDENTIFIER = "zqd-.AppDemo1";
				PRODUCT_NAME = "$(TARGET_NAME)";
				SWIFT_EMIT_LOC_STRINGS = YES;
				SWIFT_VERSION = 5.0;
				TARGETED_DEVICE_FAMILY = "1,2";
				USER_HEADER_SEARCH_PATHS = "${PODS_ROOT}/**";
			};
			name = Debug;
		};
		17A150E42C35742B00A812AE /* Release */ = {
			isa = XCBuildConfiguration;
			baseConfigurationReference = 74A9D15BD710601FEE7C5A58 /* Pods-AppDemo1.release.xcconfig */;
			buildSettings = {
				ASSETCATALOG_COMPILER_APPICON_NAME = AppIcon;
				ASSETCATALOG_COMPILER_GLOBAL_ACCENT_COLOR_NAME = AccentColor;
				CODE_SIGN_STYLE = Automatic;
				CURRENT_PROJECT_VERSION = 1;
				ENABLE_USER_SCRIPT_SANDBOXING = NO;
				GENERATE_INFOPLIST_FILE = YES;
				INFOPLIST_FILE = AppDemo1/Info.plist;
				INFOPLIST_KEY_UIApplicationSupportsIndirectInputEvents = YES;
				INFOPLIST_KEY_UILaunchStoryboardName = LaunchScreen;
				INFOPLIST_KEY_UIStatusBarStyle = "";
				INFOPLIST_KEY_UISupportedInterfaceOrientations_iPad = "UIInterfaceOrientationPortrait UIInterfaceOrientationPortraitUpsideDown UIInterfaceOrientationLandscapeLeft UIInterfaceOrientationLandscapeRight";
				INFOPLIST_KEY_UISupportedInterfaceOrientations_iPhone = "UIInterfaceOrientationPortrait UIInterfaceOrientationLandscapeLeft UIInterfaceOrientationLandscapeRight";
				IPHONEOS_DEPLOYMENT_TARGET = 14.0;
				LD_RUNPATH_SEARCH_PATHS = (
					"$(inherited)",
					"@executable_path/Frameworks",
				);
				MARKETING_VERSION = 1.0;
				PRODUCT_BUNDLE_IDENTIFIER = "zqd-.AppDemo1";
				PRODUCT_NAME = "$(TARGET_NAME)";
				SWIFT_EMIT_LOC_STRINGS = YES;
				SWIFT_VERSION = 5.0;
				TARGETED_DEVICE_FAMILY = "1,2";
				USER_HEADER_SEARCH_PATHS = "${PODS_ROOT}/**";
			};
			name = Release;
		};
		17A150E62C35742B00A812AE /* Debug */ = {
			isa = XCBuildConfiguration;
			buildSettings = {
				ALWAYS_EMBED_SWIFT_STANDARD_LIBRARIES = YES;
				BUNDLE_LOADER = "$(TEST_HOST)";
				CODE_SIGN_STYLE = Automatic;
				CURRENT_PROJECT_VERSION = 1;
				ENABLE_USER_SCRIPT_SANDBOXING = NO;
				GENERATE_INFOPLIST_FILE = YES;
				IPHONEOS_DEPLOYMENT_TARGET = 14.0;
				MARKETING_VERSION = 1.0;
				PRODUCT_BUNDLE_IDENTIFIER = "zqd-.AppDemo1Tests";
				PRODUCT_NAME = "$(TARGET_NAME)";
				SWIFT_EMIT_LOC_STRINGS = NO;
				SWIFT_VERSION = 5.0;
				TARGETED_DEVICE_FAMILY = "1,2";
				TEST_HOST = "$(BUILT_PRODUCTS_DIR)/AppDemo1.app/$(BUNDLE_EXECUTABLE_FOLDER_PATH)/AppDemo1";
			};
			name = Debug;
		};
		17A150E72C35742B00A812AE /* Release */ = {
			isa = XCBuildConfiguration;
			buildSettings = {
				ALWAYS_EMBED_SWIFT_STANDARD_LIBRARIES = YES;
				BUNDLE_LOADER = "$(TEST_HOST)";
				CODE_SIGN_STYLE = Automatic;
				CURRENT_PROJECT_VERSION = 1;
				ENABLE_USER_SCRIPT_SANDBOXING = NO;
				GENERATE_INFOPLIST_FILE = YES;
				IPHONEOS_DEPLOYMENT_TARGET = 14.0;
				MARKETING_VERSION = 1.0;
				PRODUCT_BUNDLE_IDENTIFIER = "zqd-.AppDemo1Tests";
				PRODUCT_NAME = "$(TARGET_NAME)";
				SWIFT_EMIT_LOC_STRINGS = NO;
				SWIFT_VERSION = 5.0;
				TARGETED_DEVICE_FAMILY = "1,2";
				TEST_HOST = "$(BUILT_PRODUCTS_DIR)/AppDemo1.app/$(BUNDLE_EXECUTABLE_FOLDER_PATH)/AppDemo1";
			};
			name = Release;
		};
		17A150E92C35742B00A812AE /* Debug */ = {
			isa = XCBuildConfiguration;
			buildSettings = {
				ALWAYS_EMBED_SWIFT_STANDARD_LIBRARIES = YES;
				CODE_SIGN_STYLE = Automatic;
				CURRENT_PROJECT_VERSION = 1;
				ENABLE_USER_SCRIPT_SANDBOXING = NO;
				GENERATE_INFOPLIST_FILE = YES;
				MARKETING_VERSION = 1.0;
				PRODUCT_BUNDLE_IDENTIFIER = "zqd-.AppDemo1UITests";
				PRODUCT_NAME = "$(TARGET_NAME)";
				SWIFT_EMIT_LOC_STRINGS = NO;
				SWIFT_VERSION = 5.0;
				TARGETED_DEVICE_FAMILY = "1,2";
				TEST_TARGET_NAME = AppDemo1;
			};
			name = Debug;
		};
		17A150EA2C35742B00A812AE /* Release */ = {
			isa = XCBuildConfiguration;
			buildSettings = {
				ALWAYS_EMBED_SWIFT_STANDARD_LIBRARIES = YES;
				CODE_SIGN_STYLE = Automatic;
				CURRENT_PROJECT_VERSION = 1;
				ENABLE_USER_SCRIPT_SANDBOXING = NO;
				GENERATE_INFOPLIST_FILE = YES;
				MARKETING_VERSION = 1.0;
				PRODUCT_BUNDLE_IDENTIFIER = "zqd-.AppDemo1UITests";
				PRODUCT_NAME = "$(TARGET_NAME)";
				SWIFT_EMIT_LOC_STRINGS = NO;
				SWIFT_VERSION = 5.0;
				TARGETED_DEVICE_FAMILY = "1,2";
				TEST_TARGET_NAME = AppDemo1;
			};
			name = Release;
		};
/* End XCBuildConfiguration section */

/* Begin XCConfigurationList section */
		17A150B32C35742900A812AE /* Build configuration list for PBXProject "AppDemo1" */ = {
			isa = XCConfigurationList;
			buildConfigurations = (
				17A150E02C35742B00A812AE /* Debug */,
				17A150E12C35742B00A812AE /* Release */,
			);
			defaultConfigurationIsVisible = 0;
			defaultConfigurationName = Release;
		};
		17A150E22C35742B00A812AE /* Build configuration list for PBXNativeTarget "AppDemo1" */ = {
			isa = XCConfigurationList;
			buildConfigurations = (
				17A150E32C35742B00A812AE /* Debug */,
				17A150E42C35742B00A812AE /* Release */,
			);
			defaultConfigurationIsVisible = 0;
			defaultConfigurationName = Release;
		};
		17A150E52C35742B00A812AE /* Build configuration list for PBXNativeTarget "AppDemo1Tests" */ = {
			isa = XCConfigurationList;
			buildConfigurations = (
				17A150E62C35742B00A812AE /* Debug */,
				17A150E72C35742B00A812AE /* Release */,
			);
			defaultConfigurationIsVisible = 0;
			defaultConfigurationName = Release;
		};
		17A150E82C35742B00A812AE /* Build configuration list for PBXNativeTarget "AppDemo1UITests" */ = {
			isa = XCConfigurationList;
			buildConfigurations = (
				17A150E92C35742B00A812AE /* Debug */,
				17A150EA2C35742B00A812AE /* Release */,
			);
			defaultConfigurationIsVisible = 0;
			defaultConfigurationName = Release;
		};
/* End XCConfigurationList section */
	};
	rootObject = 17A150B02C35742900A812AE /* Project object */;
}
